
Microsoft Visual Studio Solution File, Format Version 12.00
Project("{2150E333-8FDC-42A3-9474-1A3956D46DE8}") = "Common", "Common", "{E90F81E5-ACCD-4A35-9A76-00B12FB6B9BB}"
EndProject
Project("{2150E333-8FDC-42A3-9474-1A3956D46DE8}") = "Integrations", "Integrations", "{106C985F-A4E3-4F35-BA16-F2570D5960D6}"
EndProject
Project("{2150E333-8FDC-42A3-9474-1A3956D46DE8}") = "Functions", "Functions", "{D6EFA2C4-3726-4683-A958-673326B65D9C}"
EndProject
Project("{2150E333-8FDC-42A3-9474-1A3956D46DE8}") = "API", "API", "{2EAD422B-A772-47A5-8AF5-6328FD720F2C}"
EndProject
Project("{FAE04EC0-301F-11D3-BF4B-00C04F79EFBC}") = "SearchSphere.Common.Services", "Common\Services\SearchSphere.Common.Services.csproj", "{C6515C26-1CFF-4B86-B83F-AF76062C81B7}"
EndProject
Project("{FAE04EC0-301F-11D3-BF4B-00C04F79EFBC}") = "SearchSphere.API", "API\Function\SearchSphere.API.csproj", "{5B4F99F2-88DB-4032-9BB6-D0E2780DAC7B}"
EndProject
Project("{FAE04EC0-301F-11D3-BF4B-00C04F79EFBC}") = "SearchSphere.API.Data", "API\Data\SearchSphere.API.Data.csproj", "{D80D96C0-D464-413F-A014-CE64B019ECBD}"
EndProject
Project("{FAE04EC0-301F-11D3-BF4B-00C04F79EFBC}") = "SearchSphere.API.Service", "API\Service\SearchSphere.API.Service.csproj", "{64C71149-20A4-4059-9507-0BDF4228E506}"
EndProject
Project("{FAE04EC0-301F-11D3-BF4B-00C04F79EFBC}") = "SearchSphere.Integrations.BlobClient", "Integrations\BlobClient\SearchSphere.Integrations.BlobClient.csproj", "{8173C4E3-572D-4EB0-9166-6B217B3D3383}"
EndProject
Project("{FAE04EC0-301F-11D3-BF4B-00C04F79EFBC}") = "SearchSphere.Integrations.CosmosDbClient", "Integrations\CosmosDbClient\SearchSphere.Integrations.CosmosDbClient.csproj", "{6953D379-1117-4D04-B9CE-2C631D1D0763}"
EndProject
Project("{2150E333-8FDC-42A3-9474-1A3956D46DE8}") = "BackgroundTask", "BackgroundTask", "{B3262461-8733-4872-92F8-FDC76FA9C20C}"
EndProject
Project("{FAE04EC0-301F-11D3-BF4B-00C04F79EFBC}") = "SearchSphere.Functions.BackgroundTask", "Functions\BackgroundTask\Function\SearchSphere.Functions.BackgroundTask.csproj", "{C55E12DD-59D8-4959-93F9-BFEAA0D2EAFE}"
EndProject
Project("{FAE04EC0-301F-11D3-BF4B-00C04F79EFBC}") = "SearchSphere.Functions.BackgroundTask.Data", "Functions\BackgroundTask\Data\SearchSphere.Functions.BackgroundTask.Data.csproj", "{C9C7BF65-D9B8-4FD0-88BF-5EB53096F7A1}"
EndProject
Project("{FAE04EC0-301F-11D3-BF4B-00C04F79EFBC}") = "SearchSphere.Functions.BackgroundTask.Service", "Functions\BackgroundTask\Service\SearchSphere.Functions.BackgroundTask.Service.csproj", "{16445DAD-AE04-4856-A5A6-176A4F4DE53F}"
EndProject
Project("{FAE04EC0-301F-11D3-BF4B-00C04F79EFBC}") = "SearchSphere.Integrations.DocumentIntelligenceClient", "Integrations\DocumentIntelligenceClient\SearchSphere.Integrations.DocumentIntelligenceClient.csproj", "{3656D6EE-E0C3-4198-A91F-DB644788423A}"
EndProject
Project("{FAE04EC0-301F-11D3-BF4B-00C04F79EFBC}") = "SearchSphere.Integrations.AzureOpenAiClient", "Integrations\AzureOpenAiClient\SearchSphere.Integrations.AzureOpenAiClient.csproj", "{EC559382-2EAA-4E11-B479-81013BC0543C}"
EndProject
Global
	GlobalSection(SolutionConfigurationPlatforms) = preSolution
		Debug|Any CPU = Debug|Any CPU
		Release|Any CPU = Release|Any CPU
	EndGlobalSection
	GlobalSection(NestedProjects) = preSolution
		{C6515C26-1CFF-4B86-B83F-AF76062C81B7} = {E90F81E5-ACCD-4A35-9A76-00B12FB6B9BB}
		{5B4F99F2-88DB-4032-9BB6-D0E2780DAC7B} = {2EAD422B-A772-47A5-8AF5-6328FD720F2C}
		{D80D96C0-D464-413F-A014-CE64B019ECBD} = {2EAD422B-A772-47A5-8AF5-6328FD720F2C}
		{64C71149-20A4-4059-9507-0BDF4228E506} = {2EAD422B-A772-47A5-8AF5-6328FD720F2C}
		{8173C4E3-572D-4EB0-9166-6B217B3D3383} = {106C985F-A4E3-4F35-BA16-F2570D5960D6}
		{6953D379-1117-4D04-B9CE-2C631D1D0763} = {106C985F-A4E3-4F35-BA16-F2570D5960D6}
		{B3262461-8733-4872-92F8-FDC76FA9C20C} = {D6EFA2C4-3726-4683-A958-673326B65D9C}
		{C55E12DD-59D8-4959-93F9-BFEAA0D2EAFE} = {B3262461-8733-4872-92F8-FDC76FA9C20C}
		{C9C7BF65-D9B8-4FD0-88BF-5EB53096F7A1} = {B3262461-8733-4872-92F8-FDC76FA9C20C}
		{16445DAD-AE04-4856-A5A6-176A4F4DE53F} = {B3262461-8733-4872-92F8-FDC76FA9C20C}
		{3656D6EE-E0C3-4198-A91F-DB644788423A} = {106C985F-A4E3-4F35-BA16-F2570D5960D6}
		{EC559382-2EAA-4E11-B479-81013BC0543C} = {106C985F-A4E3-4F35-BA16-F2570D5960D6}
	EndGlobalSection
	GlobalSection(ProjectConfigurationPlatforms) = postSolution
		{C6515C26-1CFF-4B86-B83F-AF76062C81B7}.Debug|Any CPU.ActiveCfg = Debug|Any CPU
		{C6515C26-1CFF-4B86-B83F-AF76062C81B7}.Debug|Any CPU.Build.0 = Debug|Any CPU
		{C6515C26-1CFF-4B86-B83F-AF76062C81B7}.Release|Any CPU.ActiveCfg = Release|Any CPU
		{C6515C26-1CFF-4B86-B83F-AF76062C81B7}.Release|Any CPU.Build.0 = Release|Any CPU
		{5B4F99F2-88DB-4032-9BB6-D0E2780DAC7B}.Debug|Any CPU.ActiveCfg = Debug|Any CPU
		{5B4F99F2-88DB-4032-9BB6-D0E2780DAC7B}.Debug|Any CPU.Build.0 = Debug|Any CPU
		{5B4F99F2-88DB-4032-9BB6-D0E2780DAC7B}.Release|Any CPU.ActiveCfg = Release|Any CPU
		{5B4F99F2-88DB-4032-9BB6-D0E2780DAC7B}.Release|Any CPU.Build.0 = Release|Any CPU
		{D80D96C0-D464-413F-A014-CE64B019ECBD}.Debug|Any CPU.ActiveCfg = Debug|Any CPU
		{D80D96C0-D464-413F-A014-CE64B019ECBD}.Debug|Any CPU.Build.0 = Debug|Any CPU
		{D80D96C0-D464-413F-A014-CE64B019ECBD}.Release|Any CPU.ActiveCfg = Release|Any CPU
		{D80D96C0-D464-413F-A014-CE64B019ECBD}.Release|Any CPU.Build.0 = Release|Any CPU
		{64C71149-20A4-4059-9507-0BDF4228E506}.Debug|Any CPU.ActiveCfg = Debug|Any CPU
		{64C71149-20A4-4059-9507-0BDF4228E506}.Debug|Any CPU.Build.0 = Debug|Any CPU
		{64C71149-20A4-4059-9507-0BDF4228E506}.Release|Any CPU.ActiveCfg = Release|Any CPU
		{64C71149-20A4-4059-9507-0BDF4228E506}.Release|Any CPU.Build.0 = Release|Any CPU
		{8173C4E3-572D-4EB0-9166-6B217B3D3383}.Debug|Any CPU.ActiveCfg = Debug|Any CPU
		{8173C4E3-572D-4EB0-9166-6B217B3D3383}.Debug|Any CPU.Build.0 = Debug|Any CPU
		{8173C4E3-572D-4EB0-9166-6B217B3D3383}.Release|Any CPU.ActiveCfg = Release|Any CPU
		{8173C4E3-572D-4EB0-9166-6B217B3D3383}.Release|Any CPU.Build.0 = Release|Any CPU
		{6953D379-1117-4D04-B9CE-2C631D1D0763}.Debug|Any CPU.ActiveCfg = Debug|Any CPU
		{6953D379-1117-4D04-B9CE-2C631D1D0763}.Debug|Any CPU.Build.0 = Debug|Any CPU
		{6953D379-1117-4D04-B9CE-2C631D1D0763}.Release|Any CPU.ActiveCfg = Release|Any CPU
		{6953D379-1117-4D04-B9CE-2C631D1D0763}.Release|Any CPU.Build.0 = Release|Any CPU
		{C55E12DD-59D8-4959-93F9-BFEAA0D2EAFE}.Debug|Any CPU.ActiveCfg = Debug|Any CPU
		{C55E12DD-59D8-4959-93F9-BFEAA0D2EAFE}.Debug|Any CPU.Build.0 = Debug|Any CPU
		{C55E12DD-59D8-4959-93F9-BFEAA0D2EAFE}.Release|Any CPU.ActiveCfg = Release|Any CPU
		{C55E12DD-59D8-4959-93F9-BFEAA0D2EAFE}.Release|Any CPU.Build.0 = Release|Any CPU
		{C9C7BF65-D9B8-4FD0-88BF-5EB53096F7A1}.Debug|Any CPU.ActiveCfg = Debug|Any CPU
		{C9C7BF65-D9B8-4FD0-88BF-5EB53096F7A1}.Debug|Any CPU.Build.0 = Debug|Any CPU
		{C9C7BF65-D9B8-4FD0-88BF-5EB53096F7A1}.Release|Any CPU.ActiveCfg = Release|Any CPU
		{C9C7BF65-D9B8-4FD0-88BF-5EB53096F7A1}.Release|Any CPU.Build.0 = Release|Any CPU
		{16445DAD-AE04-4856-A5A6-176A4F4DE53F}.Debug|Any CPU.ActiveCfg = Debug|Any CPU
		{16445DAD-AE04-4856-A5A6-176A4F4DE53F}.Debug|Any CPU.Build.0 = Debug|Any CPU
		{16445DAD-AE04-4856-A5A6-176A4F4DE53F}.Release|Any CPU.ActiveCfg = Release|Any CPU
		{16445DAD-AE04-4856-A5A6-176A4F4DE53F}.Release|Any CPU.Build.0 = Release|Any CPU
		{3656D6EE-E0C3-4198-A91F-DB644788423A}.Debug|Any CPU.ActiveCfg = Debug|Any CPU
		{3656D6EE-E0C3-4198-A91F-DB644788423A}.Debug|Any CPU.Build.0 = Debug|Any CPU
		{3656D6EE-E0C3-4198-A91F-DB644788423A}.Release|Any CPU.ActiveCfg = Release|Any CPU
		{3656D6EE-E0C3-4198-A91F-DB644788423A}.Release|Any CPU.Build.0 = Release|Any CPU
		{EC559382-2EAA-4E11-B479-81013BC0543C}.Debug|Any CPU.ActiveCfg = Debug|Any CPU
		{EC559382-2EAA-4E11-B479-81013BC0543C}.Debug|Any CPU.Build.0 = Debug|Any CPU
		{EC559382-2EAA-4E11-B479-81013BC0543C}.Release|Any CPU.ActiveCfg = Release|Any CPU
		{EC559382-2EAA-4E11-B479-81013BC0543C}.Release|Any CPU.Build.0 = Release|Any CPU
	EndGlobalSection
EndGlobal
